
Microsoft Visual Studio Solution File, Format Version 12.00
# Visual Studio Version 17
VisualStudioVersion = 17.5.33424.131
MinimumVisualStudioVersion = 10.0.40219.1
Project("{FAE04EC0-301F-11D3-BF4B-00C04F79EFBC}") = "Lesson8_2", "Lesson8_2\Lesson8_2.csproj", "{429C486B-59C3-4511-BF7E-AFF5C460E85B}"
EndProject
Global
	GlobalSection(SolutionConfigurationPlatforms) = preSolution
		Debug|Any CPU = Debug|Any CPU
		Release|Any CPU = Release|Any CPU
	EndGlobalSection
	GlobalSection(ProjectConfigurationPlatforms) = postSolution
		{429C486B-59C3-4511-BF7E-AFF5C460E85B}.Debug|Any CPU.ActiveCfg = Debug|Any CPU
		{429C486B-59C3-4511-BF7E-AFF5C460E85B}.Debug|Any CPU.Build.0 = Debug|Any CPU
		{429C486B-59C3-4511-BF7E-AFF5C460E85B}.Release|Any CPU.ActiveCfg = Release|Any CPU
		{429C486B-59C3-4511-BF7E-AFF5C460E85B}.Release|Any CPU.Build.0 = Release|Any CPU
	EndGlobalSection
	GlobalSection(SolutionProperties) = preSolution
		HideSolutionNode = FALSE
	EndGlobalSection
	GlobalSection(ExtensibilityGlobals) = postSolution
		SolutionGuid = {B1F46D04-BA01-41E7-A09E-A8EC9EE41C64}
	EndGlobalSection
EndGlobal
